
Microsoft Visual Studio Solution File, Format Version 12.00
# Visual Studio 15
VisualStudioVersion = 15.0.27428.2043
MinimumVisualStudioVersion = 10.0.40219.1
Project("{FAE04EC0-301F-11D3-BF4B-00C04F79EFBC}") = "DemoIdentity", "DemoIdentity\DemoIdentity.csproj", "{928E170D-7CC0-43CD-B601-D6B7D0270E64}"
EndProject
Global
	GlobalSection(SolutionConfigurationPlatforms) = preSolution
		Debug|Any CPU = Debug|Any CPU
		Release|Any CPU = Release|Any CPU
	EndGlobalSection
	GlobalSection(ProjectConfigurationPlatforms) = postSolution
		{928E170D-7CC0-43CD-B601-D6B7D0270E64}.Debug|Any CPU.ActiveCfg = Debug|Any CPU
		{928E170D-7CC0-43CD-B601-D6B7D0270E64}.Debug|Any CPU.Build.0 = Debug|Any CPU
		{928E170D-7CC0-43CD-B601-D6B7D0270E64}.Release|Any CPU.ActiveCfg = Release|Any CPU
		{928E170D-7CC0-43CD-B601-D6B7D0270E64}.Release|Any CPU.Build.0 = Release|Any CPU
	EndGlobalSection
	GlobalSection(SolutionProperties) = preSolution
		HideSolutionNode = FALSE
	EndGlobalSection
	GlobalSection(ExtensibilityGlobals) = postSolution
		SolutionGuid = {F71020CE-65C5-4D34-AB84-C84DE6622F67}
	EndGlobalSection
EndGlobal
